schema: '2.0'
stages:
  data_ingestion:
    cmd: python src/data/data_ingestion.py
    deps:
    - path: data/raw/train.csv
      hash: md5
      md5: 358ac53596f540c74517dc050891c1b5
      size: 827954
    - path: params.yaml
      hash: md5
      md5: 6dbe23aa71e3f26c40ccd8492dec8e19
      size: 520
    - path: src/data/data_ingestion.py
      hash: md5
      md5: 4f33a0f842b650f6f736c6f35400f71d
      size: 4295
    outs:
    - path: data/interim/test.csv
      hash: md5
      md5: 3f151ead02ea8c9b1d18cc16a02cc7c0
      size: 165759
    - path: data/interim/train.csv
      hash: md5
      md5: a7d5a97789c4e11b1b36b13b43d7cff7
      size: 662214
  data_preprocessing:
    cmd: python src/features/data_preprocessing.py
    deps:
    - path: data/external/chat_words_dictonary.json
      hash: md5
      md5: d5374fbe39d349c14db3bc37d73d76be
      size: 2974
    - path: data/interim/test.csv
      hash: md5
      md5: 3f151ead02ea8c9b1d18cc16a02cc7c0
      size: 165759
    - path: data/interim/train.csv
      hash: md5
      md5: a7d5a97789c4e11b1b36b13b43d7cff7
      size: 662214
    - path: src/features/data_preprocessing.py
      hash: md5
      md5: b356ec3d78110326a06a6bc62debc6d5
      size: 5582
    outs:
    - path: data/processed/test.csv
      hash: md5
      md5: 8e827e0f0adafe5d06fab6978e0c8278
      size: 109730
    - path: data/processed/train.csv
      hash: md5
      md5: f480b3269b6374550b1b9fbe9317dcb2
      size: 439554
  feature_engineering:
    cmd: python src/features/feature_engineering.py
    deps:
    - path: data/processed/test.csv
      hash: md5
      md5: 8e827e0f0adafe5d06fab6978e0c8278
      size: 109730
    - path: data/processed/train.csv
      hash: md5
      md5: f480b3269b6374550b1b9fbe9317dcb2
      size: 439554
    - path: params.yaml
      hash: md5
      md5: 6dbe23aa71e3f26c40ccd8492dec8e19
      size: 520
    - path: src/features/feature_engineering.py
      hash: md5
      md5: 5fc1ba202cfc05fdb8492935defb40f5
      size: 4746
    outs:
    - path: data/features/test.csv
      hash: md5
      md5: 8629c7232acc4a1be16dcdf2fe81cae5
      size: 1358917
    - path: data/features/train.csv
      hash: md5
      md5: 216bd3a0961ccff75cd695b90236a706
      size: 5435589
    - path: models/vectorizers/bow.joblib
      hash: md5
      md5: 1b9be5fe50bafce3142f3a1cadb52005
      size: 4531
  model_training:
    cmd: python src/models/train_model.py
    deps:
    - path: data/features/train.csv
      hash: md5
      md5: 216bd3a0961ccff75cd695b90236a706
      size: 5435589
    - path: params.yaml
      hash: md5
      md5: 6dbe23aa71e3f26c40ccd8492dec8e19
      size: 520
    - path: src/models/train_model.py
      hash: md5
      md5: 77d541b5c3d35c165842a42c29dcdfa4
      size: 4186
    outs:
    - path: models/models/bagging_classifier.joblib
      hash: md5
      md5: e4803791ae3725438708d4cfb195884d
      size: 3362408
  model_evaluation:
    cmd: python src/models/evaluate_model.py
    deps:
    - path: data/features/test.csv
      hash: md5
      md5: 8629c7232acc4a1be16dcdf2fe81cae5
      size: 1358917
    - path: models/models/bagging_classifier.joblib
      hash: md5
      md5: e4803791ae3725438708d4cfb195884d
      size: 3362408
